<Solution>
  <Folder Name="/Demo/">
    <Project Path="Demo/ExpireStorage.Demo/ExpireStorage.Demo.csproj" />
  </Folder>
  <Project Path="Src/Drogecode.Blazor.ExpireStorage/Drogecode.Blazor.ExpireStorage.csproj" />
  <Project Path="Tests/Drogecode.Blazor.ExpireStorage.Tests/Drogecode.Blazor.ExpireStorage.Tests.csproj" />
</Solution>
